<?xml version="1.0" encoding="utf-8"?>
<Project ToolsVersion="4.0" xmlns="http://schemas.microsoft.com/developer/msbuild/2003">
  <ItemGroup>
    <Filter Include="Source Files">
      <UniqueIdentifier>{4FC737F1-C7A5-4376-A066-2A32D752A2FF}</UniqueIdentifier>
      <Extensions>cpp;c;cc;cxx;c++;cppm;ixx;def;odl;idl;hpj;bat;asm;asmx</Extensions>
    </Filter>
    <Filter Include="Resource Files">
      <UniqueIdentifier>{67DA6AB6-F800-4c08-8B7A-83BB121AAD01}</UniqueIdentifier>
      <Extensions>rc;ico;cur;bmp;dlg;rc2;rct;bin;rgs;gif;jpg;jpeg;jpe;resx;tiff;tif;png;wav;mfcribbon-ms</Extensions>
    </Filter>
    <Filter Include="Source Files\Objects">
      <UniqueIdentifier>{ced5b03c-ea71-4e82-92f1-bd2ef57c1f07}</UniqueIdentifier>
    </Filter>
    <Filter Include="Source Files\States">
      <UniqueIdentifier>{8d463fad-5235-4379-a435-951030caef93}</UniqueIdentifier>
    </Filter>
  </ItemGroup>
  <ItemGroup>
    <ClCompile Include="main.cpp">
      <Filter>Source Files</Filter>
    </ClCompile>
    <ClCompile Include="Game.cpp">
      <Filter>Source Files</Filter>
    </ClCompile>
    <ClCompile Include="Field.cpp">
      <Filter>Source Files</Filter>
    </ClCompile>
    <ClCompile Include="HUD.cpp">
      <Filter>Source Files</Filter>
    </ClCompile>
    <ClCompile Include="Coin.cpp">
      <Filter>Source Files\Objects</Filter>
    </ClCompile>
    <ClCompile Include="Enemy.cpp">
      <Filter>Source Files\Objects</Filter>
    </ClCompile>
    <ClCompile Include="Player.cpp">
      <Filter>Source Files\Objects</Filter>
    </ClCompile>
    <ClCompile Include="Portal.cpp">
      <Filter>Source Files\Objects</Filter>
    </ClCompile>
    <ClCompile Include="Object.cpp">
      <Filter>Source Files\Objects</Filter>
    </ClCompile>
    <ClCompile Include="Sword.cpp">
      <Filter>Source Files\Objects</Filter>
    </ClCompile>
    <ClCompile Include="Shield.cpp">
      <Filter>Source Files\Objects</Filter>
    </ClCompile>
    <ClCompile Include="Area.cpp">
      <Filter>Source Files\States</Filter>
    </ClCompile>
    <ClCompile Include="MainMenu.cpp">
      <Filter>Source Files\States</Filter>
    </ClCompile>
    <ClCompile Include="Info.cpp">
      <Filter>Source Files\States</Filter>
    </ClCompile>
    <ClCompile Include="VendorView.cpp">
      <Filter>Source Files\States</Filter>
    </ClCompile>
    <ClCompile Include="Potion.cpp">
      <Filter>Source Files\Objects</Filter>
    </ClCompile>
    <ClCompile Include="Vendor.cpp">
      <Filter>Source Files\Objects</Filter>
    </ClCompile>
    <ClCompile Include="Trophy.cpp">
      <Filter>Source Files</Filter>
    </ClCompile>
  </ItemGroup>
  <ItemGroup>
    <ClInclude Include="Area.h">
      <Filter>Source Files\States</Filter>
    </ClInclude>
    <ClInclude Include="Info.h">
      <Filter>Source Files\States</Filter>
    </ClInclude>
    <ClInclude Include="MainMenu.h">
      <Filter>Source Files\States</Filter>
    </ClInclude>
    <ClInclude Include="VendorView.h">
      <Filter>Source Files\States</Filter>
    </ClInclude>
    <ClInclude Include="Sword.h">
      <Filter>Source Files\Objects</Filter>
    </ClInclude>
    <ClInclude Include="Shield.h">
      <Filter>Source Files\Objects</Filter>
    </ClInclude>
    <ClInclude Include="Portal.h">
      <Filter>Source Files\Objects</Filter>
    </ClInclude>
    <ClInclude Include="Player.h">
      <Filter>Source Files\Objects</Filter>
    </ClInclude>
    <ClInclude Include="Object.h">
      <Filter>Source Files\Objects</Filter>
    </ClInclude>
    <ClInclude Include="Enemy.h">
      <Filter>Source Files\Objects</Filter>
    </ClInclude>
    <ClInclude Include="Coin.h">
      <Filter>Source Files\Objects</Filter>
    </ClInclude>
    <ClInclude Include="Field.h">
      <Filter>Source Files</Filter>
    </ClInclude>
    <ClInclude Include="Game.h">
      <Filter>Source Files</Filter>
    </ClInclude>
    <ClInclude Include="HUD.h">
      <Filter>Source Files</Filter>
    </ClInclude>
    <ClInclude Include="Potion.h">
      <Filter>Source Files\Objects</Filter>
    </ClInclude>
    <ClInclude Include="utilities.h">
      <Filter>Source Files</Filter>
    </ClInclude>
    <ClInclude Include="Vendor.h">
      <Filter>Source Files\Objects</Filter>
    </ClInclude>
    <ClInclude Include="Trophy.h" />
  </ItemGroup>
</Project>